
Microsoft Visual Studio Solution File, Format Version 12.00
# Visual Studio Version 17
VisualStudioVersion = 17.4.33110.190
MinimumVisualStudioVersion = 10.0.40219.1
Project("{FAE04EC0-301F-11D3-BF4B-00C04F79EFBC}") = "superhero-social-club", "superhero-social-club\superhero-social-club.csproj", "{B2DDD044-9F3B-4F78-A6C0-17554A62920A}"
EndProject
Global
	GlobalSection(SolutionConfigurationPlatforms) = preSolution
		Debug|Any CPU = Debug|Any CPU
		Release|Any CPU = Release|Any CPU
	EndGlobalSection
	GlobalSection(ProjectConfigurationPlatforms) = postSolution
		{B2DDD044-9F3B-4F78-A6C0-17554A62920A}.Debug|Any CPU.ActiveCfg = Debug|Any CPU
		{B2DDD044-9F3B-4F78-A6C0-17554A62920A}.Debug|Any CPU.Build.0 = Debug|Any CPU
		{B2DDD044-9F3B-4F78-A6C0-17554A62920A}.Release|Any CPU.ActiveCfg = Release|Any CPU
		{B2DDD044-9F3B-4F78-A6C0-17554A62920A}.Release|Any CPU.Build.0 = Release|Any CPU
	EndGlobalSection
	GlobalSection(SolutionProperties) = preSolution
		HideSolutionNode = FALSE
	EndGlobalSection
	GlobalSection(ExtensibilityGlobals) = postSolution
		SolutionGuid = {EACC3415-D744-491A-9B7B-32CCBAE83A8F}
	EndGlobalSection
EndGlobal
